
Microsoft Visual Studio Solution File, Format Version 12.00
# Visual Studio 15
VisualStudioVersion = 15.0.28307.421
MinimumVisualStudioVersion = 10.0.40219.1
Project("{FAE04EC0-301F-11D3-BF4B-00C04F79EFBC}") = "Asteroids", "Asteroids\Asteroids.csproj", "{87F10020-BD97-48BF-B9C5-8BE8C9E9B6CC}"
EndProject
Global
	GlobalSection(SolutionConfigurationPlatforms) = preSolution
		Debug|Any CPU = Debug|Any CPU
		Release|Any CPU = Release|Any CPU
	EndGlobalSection
	GlobalSection(ProjectConfigurationPlatforms) = postSolution
		{87F10020-BD97-48BF-B9C5-8BE8C9E9B6CC}.Debug|Any CPU.ActiveCfg = Debug|Any CPU
		{87F10020-BD97-48BF-B9C5-8BE8C9E9B6CC}.Debug|Any CPU.Build.0 = Debug|Any CPU
		{87F10020-BD97-48BF-B9C5-8BE8C9E9B6CC}.Release|Any CPU.ActiveCfg = Release|Any CPU
		{87F10020-BD97-48BF-B9C5-8BE8C9E9B6CC}.Release|Any CPU.Build.0 = Release|Any CPU
	EndGlobalSection
	GlobalSection(SolutionProperties) = preSolution
		HideSolutionNode = FALSE
	EndGlobalSection
	GlobalSection(ExtensibilityGlobals) = postSolution
		SolutionGuid = {329DC995-478A-41BE-861C-78CFC9406B3B}
	EndGlobalSection
EndGlobal
